
Microsoft Visual Studio Solution File, Format Version 12.00
# Visual Studio Version 17
VisualStudioVersion = 17.2.32630.192
MinimumVisualStudioVersion = 10.0.40219.1
Project("{FAE04EC0-301F-11D3-BF4B-00C04F79EFBC}") = "tie-toe", "tie-toe\tie-toe.csproj", "{B4EC485A-5C2F-4ED3-BAB5-F0383B387FC2}"
EndProject
Project("{FAE04EC0-301F-11D3-BF4B-00C04F79EFBC}") = "TestTieToe", "TestTieToe\TestTieToe.csproj", "{97EFF0C2-F7E0-4F64-98DE-C5A6A98168A0}"
EndProject
Global
	GlobalSection(SolutionConfigurationPlatforms) = preSolution
		Debug|Any CPU = Debug|Any CPU
		Release|Any CPU = Release|Any CPU
	EndGlobalSection
	GlobalSection(ProjectConfigurationPlatforms) = postSolution
		{B4EC485A-5C2F-4ED3-BAB5-F0383B387FC2}.Debug|Any CPU.ActiveCfg = Debug|Any CPU
		{B4EC485A-5C2F-4ED3-BAB5-F0383B387FC2}.Debug|Any CPU.Build.0 = Debug|Any CPU
		{B4EC485A-5C2F-4ED3-BAB5-F0383B387FC2}.Release|Any CPU.ActiveCfg = Release|Any CPU
		{B4EC485A-5C2F-4ED3-BAB5-F0383B387FC2}.Release|Any CPU.Build.0 = Release|Any CPU
		{97EFF0C2-F7E0-4F64-98DE-C5A6A98168A0}.Debug|Any CPU.ActiveCfg = Debug|Any CPU
		{97EFF0C2-F7E0-4F64-98DE-C5A6A98168A0}.Debug|Any CPU.Build.0 = Debug|Any CPU
		{97EFF0C2-F7E0-4F64-98DE-C5A6A98168A0}.Release|Any CPU.ActiveCfg = Release|Any CPU
		{97EFF0C2-F7E0-4F64-98DE-C5A6A98168A0}.Release|Any CPU.Build.0 = Release|Any CPU
	EndGlobalSection
	GlobalSection(SolutionProperties) = preSolution
		HideSolutionNode = FALSE
	EndGlobalSection
	GlobalSection(ExtensibilityGlobals) = postSolution
		SolutionGuid = {B52890C8-BB99-418A-A00B-6D521D9FD59D}
	EndGlobalSection
EndGlobal
